
Microsoft Visual Studio Solution File, Format Version 12.00
Project("{FAE04EC0-301F-11D3-BF4B-00C04F79EFBC}") = "SPOV.WebApi", "src\SPOV.WebApi\SPOV.WebApi.csproj", "{DCF1BA9F-136F-417E-B0FF-B59E79912547}"
EndProject
Project("{FAE04EC0-301F-11D3-BF4B-00C04F79EFBC}") = "SPOV.Domain", "src\SPOV.Domain\SPOV.Domain.csproj", "{A1B2C3D4-E5F6-7890-ABCD-EF1234567890}"
EndProject
Project("{FAE04EC0-301F-11D3-BF4B-00C04F79EFBC}") = "SPOV.Application", "src\SPOV.Application\SPOV.Application.csproj", "{B2C3D4E5-F6A7-8901-BCDE-F12345678901}"
EndProject
Project("{FAE04EC0-301F-11D3-BF4B-00C04F79EFBC}") = "SPOV.Infrastructure", "src\SPOV.Infrastructure\SPOV.Infrastructure.csproj", "{C3D4E5F6-A7B8-9012-CDEF-123456789012}"
EndProject
Project("{FAE04EC0-301F-11D3-BF4B-00C04F79EFBC}") = "SPOV_Backend.Tests", "SPOV_Backend.Tests\SPOV_Backend.Tests.csproj", "{C4E9F965-54A4-47D4-8D8E-2A2475F0D9BF}"
EndProject
Project("{2150E333-8FDC-42A3-9474-1A3956D46DE8}") = "Solution Items", "Solution Items", "{2F3C4CE3-4AA8-42C0-A340-32D5F2A028D5}"
	ProjectSection(SolutionItems) = preProject
		compose.yaml = compose.yaml
		.editorconfig = .editorconfig
	EndProjectSection
EndProject
Global
	GlobalSection(SolutionConfigurationPlatforms) = preSolution
		Debug|Any CPU = Debug|Any CPU
		Release|Any CPU = Release|Any CPU
	EndGlobalSection
	GlobalSection(ProjectConfigurationPlatforms) = postSolution
		{DCF1BA9F-136F-417E-B0FF-B59E79912547}.Debug|Any CPU.ActiveCfg = Debug|Any CPU
		{DCF1BA9F-136F-417E-B0FF-B59E79912547}.Debug|Any CPU.Build.0 = Debug|Any CPU
		{DCF1BA9F-136F-417E-B0FF-B59E79912547}.Release|Any CPU.ActiveCfg = Release|Any CPU
		{DCF1BA9F-136F-417E-B0FF-B59E79912547}.Release|Any CPU.Build.0 = Release|Any CPU
		{A1B2C3D4-E5F6-7890-ABCD-EF1234567890}.Debug|Any CPU.ActiveCfg = Debug|Any CPU
		{A1B2C3D4-E5F6-7890-ABCD-EF1234567890}.Debug|Any CPU.Build.0 = Debug|Any CPU
		{A1B2C3D4-E5F6-7890-ABCD-EF1234567890}.Release|Any CPU.ActiveCfg = Release|Any CPU
		{A1B2C3D4-E5F6-7890-ABCD-EF1234567890}.Release|Any CPU.Build.0 = Release|Any CPU
		{B2C3D4E5-F6A7-8901-BCDE-F12345678901}.Debug|Any CPU.ActiveCfg = Debug|Any CPU
		{B2C3D4E5-F6A7-8901-BCDE-F12345678901}.Debug|Any CPU.Build.0 = Debug|Any CPU
		{B2C3D4E5-F6A7-8901-BCDE-F12345678901}.Release|Any CPU.ActiveCfg = Release|Any CPU
		{B2C3D4E5-F6A7-8901-BCDE-F12345678901}.Release|Any CPU.Build.0 = Release|Any CPU
		{C3D4E5F6-A7B8-9012-CDEF-123456789012}.Debug|Any CPU.ActiveCfg = Debug|Any CPU
		{C3D4E5F6-A7B8-9012-CDEF-123456789012}.Debug|Any CPU.Build.0 = Debug|Any CPU
		{C3D4E5F6-A7B8-9012-CDEF-123456789012}.Release|Any CPU.ActiveCfg = Release|Any CPU
		{C3D4E5F6-A7B8-9012-CDEF-123456789012}.Release|Any CPU.Build.0 = Release|Any CPU
		{C4E9F965-54A4-47D4-8D8E-2A2475F0D9BF}.Debug|Any CPU.ActiveCfg = Debug|Any CPU
		{C4E9F965-54A4-47D4-8D8E-2A2475F0D9BF}.Debug|Any CPU.Build.0 = Debug|Any CPU
		{C4E9F965-54A4-47D4-8D8E-2A2475F0D9BF}.Release|Any CPU.ActiveCfg = Release|Any CPU
		{C4E9F965-54A4-47D4-8D8E-2A2475F0D9BF}.Release|Any CPU.Build.0 = Release|Any CPU
	EndGlobalSection
EndGlobal
